{
  "nodes": {
    "emacs": {
      "locked": {
        "lastModified": 1616214656,
        "narHash": "sha256-ceFOGcsbGlP/qtxMBlRGFH5fsbN+uGQYeHUrpgcRS4U=",
        "owner": "nix-community",
        "repo": "emacs-overlay",
        "rev": "d9530a7048f4b1c0f65825202a0ce1d111a1d39a",
        "type": "github"
      },
      "original": {
        "owner": "nix-community",
        "repo": "emacs-overlay",
        "type": "github"
      }
    },
    "flake-utils": {
      "locked": {
        "lastModified": 1614513358,
        "narHash": "sha256-LakhOx3S1dRjnh0b5Dg3mbZyH0ToC9I8Y2wKSkBaTzU=",
        "owner": "numtide",
        "repo": "flake-utils",
        "rev": "5466c5bbece17adaab2d82fae80b46e807611bf3",
        "type": "github"
      },
      "original": {
        "owner": "numtide",
        "repo": "flake-utils",
        "type": "github"
      }
    },
    "home-manager": {
      "inputs": {
        "nixpkgs": [
          "nixpkgs"
        ]
      },
      "locked": {
        "lastModified": 1617220862,
        "narHash": "sha256-nLka+S6Vww8hTF3ZkzK/BezvgAo1Z433/L6TR1SiXyM=",
        "owner": "nix-community",
        "repo": "home-manager",
        "rev": "ad04237d5142f53dcba258942b78e2d2bbf210c8",
        "type": "github"
      },
      "original": {
        "owner": "nix-community",
        "repo": "home-manager",
        "type": "github"
      }
    },
    "nixpkgs": {
      "locked": {
        "lastModified": 1616670887,
        "narHash": "sha256-wn+l9qJfR5sj5Gq4DheJHAcBDfOs9K2p9seW2f35xzs=",
        "owner": "NixOS",
        "repo": "nixpkgs",
        "rev": "c0e881852006b132236cbf0301bd1939bb50867e",
        "type": "github"
      },
      "original": {
        "owner": "NixOS",
        "ref": "nixpkgs-unstable",
        "repo": "nixpkgs",
        "type": "github"
      }
    },
    "nixpkgs-extra": {
      "inputs": {
        "flake-utils": "flake-utils",
        "nixpkgs": [
          "nixpkgs"
        ]
      },
      "locked": {
        "lastModified": 1617283529,
        "narHash": "sha256-TFoAQtDLFyTaAGDLIc3rtC0LEoExruz6Xr7L+gCeXzg=",
        "owner": "romatthe",
        "repo": "nixpkgs-extra",
        "rev": "9e60cb2d4ce5633ba679bbc6ecffc90825122ebb",
        "type": "github"
      },
      "original": {
        "owner": "romatthe",
        "repo": "nixpkgs-extra",
        "type": "github"
      }
    },
    "nixpkgs-unstable": {
      "locked": {
        "lastModified": 1617282641,
        "narHash": "sha256-61XhTLAW8Mqnb90ibASevJhrBJ5PQmRxspjn8abKgTM=",
        "owner": "nixos",
        "repo": "nixpkgs",
        "rev": "41c0ad1c01ce87720eee330c8ba5aa29b7c296f3",
        "type": "github"
      },
      "original": {
        "owner": "nixos",
        "ref": "master",
        "repo": "nixpkgs",
        "type": "github"
      }
    },
    "nur": {
      "locked": {
        "lastModified": 1617260734,
        "narHash": "sha256-jkYWZIXW6a0AJvplOZY9RIZJXul/2zNhhP9r8NKQ8QM=",
        "owner": "nix-community",
        "repo": "NUR",
        "rev": "2315cc5ff5c8ef0d0cccef9ae220da1b79292dbf",
        "type": "github"
      },
      "original": {
        "owner": "nix-community",
        "repo": "NUR",
        "type": "github"
      }
    },
    "root": {
      "inputs": {
        "emacs": "emacs",
        "home-manager": "home-manager",
        "nixpkgs": "nixpkgs",
        "nixpkgs-extra": "nixpkgs-extra",
        "nixpkgs-unstable": "nixpkgs-unstable",
        "nur": "nur"
      }
    }
  },
  "root": "root",
  "version": 7
}
