{
  "nodes": {
    "emacs": {
      "locked": {
        "lastModified": 1616214656,
        "narHash": "sha256-ceFOGcsbGlP/qtxMBlRGFH5fsbN+uGQYeHUrpgcRS4U=",
        "owner": "nix-community",
        "repo": "emacs-overlay",
        "rev": "d9530a7048f4b1c0f65825202a0ce1d111a1d39a",
        "type": "github"
      },
      "original": {
        "owner": "nix-community",
        "repo": "emacs-overlay",
        "type": "github"
      }
    },
    "flake-utils": {
      "locked": {
        "lastModified": 1614513358,
        "narHash": "sha256-LakhOx3S1dRjnh0b5Dg3mbZyH0ToC9I8Y2wKSkBaTzU=",
        "owner": "numtide",
        "repo": "flake-utils",
        "rev": "5466c5bbece17adaab2d82fae80b46e807611bf3",
        "type": "github"
      },
      "original": {
        "owner": "numtide",
        "repo": "flake-utils",
        "type": "github"
      }
    },
    "home-manager": {
      "inputs": {
        "nixpkgs": [
          "nixpkgs"
        ]
      },
      "locked": {
        "lastModified": 1616993087,
        "narHash": "sha256-MPmREQbhtq6v7/qzqXesJCz7/PFTxUr5DBetyaEPQJM=",
        "owner": "nix-community",
        "repo": "home-manager",
        "rev": "cbf0667037e6ca16fcc38818b2aa1391de702c6a",
        "type": "github"
      },
      "original": {
        "owner": "nix-community",
        "repo": "home-manager",
        "type": "github"
      }
    },
    "nixpkgs": {
      "locked": {
        "lastModified": 1616670887,
        "narHash": "sha256-wn+l9qJfR5sj5Gq4DheJHAcBDfOs9K2p9seW2f35xzs=",
        "owner": "NixOS",
        "repo": "nixpkgs",
        "rev": "c0e881852006b132236cbf0301bd1939bb50867e",
        "type": "github"
      },
      "original": {
        "owner": "NixOS",
        "ref": "nixpkgs-unstable",
        "repo": "nixpkgs",
        "type": "github"
      }
    },
    "nixpkgs-extra": {
      "inputs": {
        "flake-utils": "flake-utils",
        "nixpkgs": [
          "nixpkgs"
        ]
      },
      "locked": {
        "lastModified": 1617166935,
        "narHash": "sha256-VNK7eNQ3/mjq8I6jOgVTPVVYSn3fQcDxAlmhvEOdWQA=",
        "owner": "romatthe",
        "repo": "nixpkgs-extra",
        "rev": "843d64efc02dda1fc9d5ebc540307aec6d7a6b14",
        "type": "github"
      },
      "original": {
        "owner": "romatthe",
        "repo": "nixpkgs-extra",
        "type": "github"
      }
    },
    "nixpkgs-unstable": {
      "locked": {
        "lastModified": 1617155867,
        "narHash": "sha256-5QTauQrfQYZRilPMTYaHT8Z4JozTTVlcMkDixOu/KnI=",
        "owner": "nixos",
        "repo": "nixpkgs",
        "rev": "2b5aed09eefd70880a7586b266dd498420f437d5",
        "type": "github"
      },
      "original": {
        "owner": "nixos",
        "ref": "master",
        "repo": "nixpkgs",
        "type": "github"
      }
    },
    "nur": {
      "locked": {
        "lastModified": 1617164010,
        "narHash": "sha256-n3zgSfILMIPtrOdv4Cb7faEHQ1/ePLG+yNybeJnMqJ4=",
        "owner": "nix-community",
        "repo": "NUR",
        "rev": "927920d9a057f369d3776978e00edc9d40d256cc",
        "type": "github"
      },
      "original": {
        "owner": "nix-community",
        "repo": "NUR",
        "type": "github"
      }
    },
    "root": {
      "inputs": {
        "emacs": "emacs",
        "home-manager": "home-manager",
        "nixpkgs": "nixpkgs",
        "nixpkgs-extra": "nixpkgs-extra",
        "nixpkgs-unstable": "nixpkgs-unstable",
        "nur": "nur"
      }
    }
  },
  "root": "root",
  "version": 7
}
